
Microsoft Visual Studio Solution File, Format Version 12.00
# Visual Studio 15
VisualStudioVersion = 15.0.28010.2041
MinimumVisualStudioVersion = 10.0.40219.1
Project("{FAE04EC0-301F-11D3-BF4B-00C04F79EFBC}") = "Quick.Site", "Quick.Site\Quick.Site.csproj", "{F6169715-80DD-4EF0-A23B-0B4C05915ED5}"
EndProject
Project("{FAE04EC0-301F-11D3-BF4B-00C04F79EFBC}") = "Quick.Entity", "Quick.Entity\Quick.Entity.csproj", "{DBD916F2-D466-451D-94DC-ADEB48276E48}"
EndProject
Project("{FAE04EC0-301F-11D3-BF4B-00C04F79EFBC}") = "Quick.EFCore", "Quick.EFCore\Quick.EFCore.csproj", "{70A5D74C-1CF2-4B4D-BFDB-E4C951557FF7}"
EndProject
Project("{FAE04EC0-301F-11D3-BF4B-00C04F79EFBC}") = "Quick.Repository", "Quick.Repository\Quick.Repository.csproj", "{12446118-457D-4473-BAA7-3CD1DD0FF71C}"
EndProject
Project("{FAE04EC0-301F-11D3-BF4B-00C04F79EFBC}") = "Quick.Utility", "Quick.Utility\Quick.Utility.csproj", "{88902ADC-0744-447F-BCB2-E963B8FABD52}"
EndProject
Project("{FAE04EC0-301F-11D3-BF4B-00C04F79EFBC}") = "Quick.Domain", "Quick.Domain\Quick.Domain.csproj", "{B14CA176-4363-444A-A4CF-D7888A3A1265}"
EndProject
Project("{FAE04EC0-301F-11D3-BF4B-00C04F79EFBC}") = "Quick.IService", "Quick.IService\Quick.IService.csproj", "{735E085E-4E40-412C-92CE-1104A4BE4681}"
EndProject
Project("{2150E333-8FDC-42A3-9474-1A3956D46DE8}") = "01_Entity", "01_Entity", "{889E41F2-3722-4D3A-B13A-40A7EEC329E3}"
EndProject
Project("{2150E333-8FDC-42A3-9474-1A3956D46DE8}") = "02_Infrastructure", "02_Infrastructure", "{AF180857-4811-4DFB-8491-990202490B74}"
EndProject
Project("{2150E333-8FDC-42A3-9474-1A3956D46DE8}") = "03_Logic", "03_Logic", "{79B341F3-0D9A-437E-A362-3C48F8E5A4E6}"
EndProject
Project("{2150E333-8FDC-42A3-9474-1A3956D46DE8}") = "04_Rule", "04_Rule", "{6372B444-29E3-4D06-8AD7-16FFB9A47648}"
EndProject
Project("{2150E333-8FDC-42A3-9474-1A3956D46DE8}") = "05_Web", "05_Web", "{911606F8-77B5-4963-B5F3-BB039E796A42}"
EndProject
Project("{FAE04EC0-301F-11D3-BF4B-00C04F79EFBC}") = "Quick.Model", "Quick.Model\Quick.Model.csproj", "{59CB1C0B-CECC-48FC-8185-876C06327060}"
EndProject
Project("{FAE04EC0-301F-11D3-BF4B-00C04F79EFBC}") = "Quick.Controllers", "Quick.Controllers\Quick.Controllers.csproj", "{AD110F4A-1EE0-4D02-9A37-1A252E2F06A8}"
EndProject
Project("{2150E333-8FDC-42A3-9474-1A3956D46DE8}") = "_docs", "_docs", "{83650426-3A16-4DD3-BB39-7EF00DF64552}"
	ProjectSection(SolutionItems) = preProject
		ReadMe.md = ReadMe.md
	EndProjectSection
EndProject
Global
	GlobalSection(SolutionConfigurationPlatforms) = preSolution
		Debug|Any CPU = Debug|Any CPU
		Release|Any CPU = Release|Any CPU
	EndGlobalSection
	GlobalSection(ProjectConfigurationPlatforms) = postSolution
		{F6169715-80DD-4EF0-A23B-0B4C05915ED5}.Debug|Any CPU.ActiveCfg = Debug|Any CPU
		{F6169715-80DD-4EF0-A23B-0B4C05915ED5}.Debug|Any CPU.Build.0 = Debug|Any CPU
		{F6169715-80DD-4EF0-A23B-0B4C05915ED5}.Release|Any CPU.ActiveCfg = Release|Any CPU
		{F6169715-80DD-4EF0-A23B-0B4C05915ED5}.Release|Any CPU.Build.0 = Release|Any CPU
		{DBD916F2-D466-451D-94DC-ADEB48276E48}.Debug|Any CPU.ActiveCfg = Debug|Any CPU
		{DBD916F2-D466-451D-94DC-ADEB48276E48}.Debug|Any CPU.Build.0 = Debug|Any CPU
		{DBD916F2-D466-451D-94DC-ADEB48276E48}.Release|Any CPU.ActiveCfg = Release|Any CPU
		{DBD916F2-D466-451D-94DC-ADEB48276E48}.Release|Any CPU.Build.0 = Release|Any CPU
		{70A5D74C-1CF2-4B4D-BFDB-E4C951557FF7}.Debug|Any CPU.ActiveCfg = Debug|Any CPU
		{70A5D74C-1CF2-4B4D-BFDB-E4C951557FF7}.Debug|Any CPU.Build.0 = Debug|Any CPU
		{70A5D74C-1CF2-4B4D-BFDB-E4C951557FF7}.Release|Any CPU.ActiveCfg = Release|Any CPU
		{70A5D74C-1CF2-4B4D-BFDB-E4C951557FF7}.Release|Any CPU.Build.0 = Release|Any CPU
		{12446118-457D-4473-BAA7-3CD1DD0FF71C}.Debug|Any CPU.ActiveCfg = Debug|Any CPU
		{12446118-457D-4473-BAA7-3CD1DD0FF71C}.Debug|Any CPU.Build.0 = Debug|Any CPU
		{12446118-457D-4473-BAA7-3CD1DD0FF71C}.Release|Any CPU.ActiveCfg = Release|Any CPU
		{12446118-457D-4473-BAA7-3CD1DD0FF71C}.Release|Any CPU.Build.0 = Release|Any CPU
		{88902ADC-0744-447F-BCB2-E963B8FABD52}.Debug|Any CPU.ActiveCfg = Debug|Any CPU
		{88902ADC-0744-447F-BCB2-E963B8FABD52}.Debug|Any CPU.Build.0 = Debug|Any CPU
		{88902ADC-0744-447F-BCB2-E963B8FABD52}.Release|Any CPU.ActiveCfg = Release|Any CPU
		{88902ADC-0744-447F-BCB2-E963B8FABD52}.Release|Any CPU.Build.0 = Release|Any CPU
		{B14CA176-4363-444A-A4CF-D7888A3A1265}.Debug|Any CPU.ActiveCfg = Debug|Any CPU
		{B14CA176-4363-444A-A4CF-D7888A3A1265}.Debug|Any CPU.Build.0 = Debug|Any CPU
		{B14CA176-4363-444A-A4CF-D7888A3A1265}.Release|Any CPU.ActiveCfg = Release|Any CPU
		{B14CA176-4363-444A-A4CF-D7888A3A1265}.Release|Any CPU.Build.0 = Release|Any CPU
		{735E085E-4E40-412C-92CE-1104A4BE4681}.Debug|Any CPU.ActiveCfg = Debug|Any CPU
		{735E085E-4E40-412C-92CE-1104A4BE4681}.Debug|Any CPU.Build.0 = Debug|Any CPU
		{735E085E-4E40-412C-92CE-1104A4BE4681}.Release|Any CPU.ActiveCfg = Release|Any CPU
		{735E085E-4E40-412C-92CE-1104A4BE4681}.Release|Any CPU.Build.0 = Release|Any CPU
		{59CB1C0B-CECC-48FC-8185-876C06327060}.Debug|Any CPU.ActiveCfg = Debug|Any CPU
		{59CB1C0B-CECC-48FC-8185-876C06327060}.Debug|Any CPU.Build.0 = Debug|Any CPU
		{59CB1C0B-CECC-48FC-8185-876C06327060}.Release|Any CPU.ActiveCfg = Release|Any CPU
		{59CB1C0B-CECC-48FC-8185-876C06327060}.Release|Any CPU.Build.0 = Release|Any CPU
		{AD110F4A-1EE0-4D02-9A37-1A252E2F06A8}.Debug|Any CPU.ActiveCfg = Debug|Any CPU
		{AD110F4A-1EE0-4D02-9A37-1A252E2F06A8}.Debug|Any CPU.Build.0 = Debug|Any CPU
		{AD110F4A-1EE0-4D02-9A37-1A252E2F06A8}.Release|Any CPU.ActiveCfg = Release|Any CPU
		{AD110F4A-1EE0-4D02-9A37-1A252E2F06A8}.Release|Any CPU.Build.0 = Release|Any CPU
	EndGlobalSection
	GlobalSection(SolutionProperties) = preSolution
		HideSolutionNode = FALSE
	EndGlobalSection
	GlobalSection(NestedProjects) = preSolution
		{F6169715-80DD-4EF0-A23B-0B4C05915ED5} = {911606F8-77B5-4963-B5F3-BB039E796A42}
		{DBD916F2-D466-451D-94DC-ADEB48276E48} = {889E41F2-3722-4D3A-B13A-40A7EEC329E3}
		{70A5D74C-1CF2-4B4D-BFDB-E4C951557FF7} = {AF180857-4811-4DFB-8491-990202490B74}
		{12446118-457D-4473-BAA7-3CD1DD0FF71C} = {79B341F3-0D9A-437E-A362-3C48F8E5A4E6}
		{88902ADC-0744-447F-BCB2-E963B8FABD52} = {AF180857-4811-4DFB-8491-990202490B74}
		{B14CA176-4363-444A-A4CF-D7888A3A1265} = {79B341F3-0D9A-437E-A362-3C48F8E5A4E6}
		{735E085E-4E40-412C-92CE-1104A4BE4681} = {6372B444-29E3-4D06-8AD7-16FFB9A47648}
		{59CB1C0B-CECC-48FC-8185-876C06327060} = {6372B444-29E3-4D06-8AD7-16FFB9A47648}
		{AD110F4A-1EE0-4D02-9A37-1A252E2F06A8} = {911606F8-77B5-4963-B5F3-BB039E796A42}
	EndGlobalSection
	GlobalSection(ExtensibilityGlobals) = postSolution
		SolutionGuid = {1C3D490B-F903-48F6-A1E5-ABAEF1B04B5B}
	EndGlobalSection
EndGlobal
